
Microsoft Visual Studio Solution File, Format Version 12.00
# Visual Studio 15
VisualStudioVersion = 15.0.27428.2015
MinimumVisualStudioVersion = 10.0.40219.1
Project("{8BC9CEB8-8B4A-11D0-8D11-00A0C91BC942}") = "190624", "190624\190624.vcxproj", "{DFE71AC4-5316-4ADE-B38A-0FAA37403B2A}"
EndProject
Global
	GlobalSection(SolutionConfigurationPlatforms) = preSolution
		Debug|x64 = Debug|x64
		Debug|x86 = Debug|x86
		Release|x64 = Release|x64
		Release|x86 = Release|x86
	EndGlobalSection
	GlobalSection(ProjectConfigurationPlatforms) = postSolution
		{DFE71AC4-5316-4ADE-B38A-0FAA37403B2A}.Debug|x64.ActiveCfg = Debug|x64
		{DFE71AC4-5316-4ADE-B38A-0FAA37403B2A}.Debug|x64.Build.0 = Debug|x64
		{DFE71AC4-5316-4ADE-B38A-0FAA37403B2A}.Debug|x86.ActiveCfg = Debug|Win32
		{DFE71AC4-5316-4ADE-B38A-0FAA37403B2A}.Debug|x86.Build.0 = Debug|Win32
		{DFE71AC4-5316-4ADE-B38A-0FAA37403B2A}.Release|x64.ActiveCfg = Release|x64
		{DFE71AC4-5316-4ADE-B38A-0FAA37403B2A}.Release|x64.Build.0 = Release|x64
		{DFE71AC4-5316-4ADE-B38A-0FAA37403B2A}.Release|x86.ActiveCfg = Release|Win32
		{DFE71AC4-5316-4ADE-B38A-0FAA37403B2A}.Release|x86.Build.0 = Release|Win32
	EndGlobalSection
	GlobalSection(SolutionProperties) = preSolution
		HideSolutionNode = FALSE
	EndGlobalSection
	GlobalSection(ExtensibilityGlobals) = postSolution
		SolutionGuid = {C2003B71-909C-4C27-8365-D22932575A2F}
	EndGlobalSection
EndGlobal
